// !$*UTF8*$!
{
	archiveVersion = 1;
	classes = {
	};
	objectVersion = 46;
	objects = {

/* Begin PBXBuildFile section */
		36D3C8CD182E92A3004CF456 /* CFTSummaryPaymentViewController.m in Sources */ = {isa = PBXBuildFile; fileRef = 36D3C8CC182E92A3004CF456 /* CFTSummaryPaymentViewController.m */; };
		36D3C8D0182E9330004CF456 /* CFTSummaryPaymentView~iphone.xib in Resources */ = {isa = PBXBuildFile; fileRef = 36D3C8CF182E9330004CF456 /* CFTSummaryPaymentView~iphone.xib */; };
		36D3C8DD182EB061004CF456 /* AVFoundation.framework in Frameworks */ = {isa = PBXBuildFile; fileRef = 36D3C8DC182EB061004CF456 /* AVFoundation.framework */; };
		36D3C8DF182EB06A004CF456 /* AudioToolbox.framework in Frameworks */ = {isa = PBXBuildFile; fileRef = 36D3C8DE182EB06A004CF456 /* AudioToolbox.framework */; };
		36D3C8E1182EB073004CF456 /* MediaPlayer.framework in Frameworks */ = {isa = PBXBuildFile; fileRef = 36D3C8E0182EB073004CF456 /* MediaPlayer.framework */; };
		36D3C8E3182EB07D004CF456 /* MessageUI.framework in Frameworks */ = {isa = PBXBuildFile; fileRef = 36D3C8E2182EB07D004CF456 /* MessageUI.framework */; };
		4313A769182D9396003510B8 /* Foundation.framework in Frameworks */ = {isa = PBXBuildFile; fileRef = 4313A768182D9396003510B8 /* Foundation.framework */; };
		4313A76B182D9396003510B8 /* CoreGraphics.framework in Frameworks */ = {isa = PBXBuildFile; fileRef = 4313A76A182D9396003510B8 /* CoreGraphics.framework */; };
		4313A76D182D9396003510B8 /* UIKit.framework in Frameworks */ = {isa = PBXBuildFile; fileRef = 4313A76C182D9396003510B8 /* UIKit.framework */; };
		4313A773182D9396003510B8 /* InfoPlist.strings in Resources */ = {isa = PBXBuildFile; fileRef = 4313A771182D9396003510B8 /* InfoPlist.strings */; };
		4313A775182D9396003510B8 /* main.m in Sources */ = {isa = PBXBuildFile; fileRef = 4313A774182D9396003510B8 /* main.m */; };
		4313A779182D9396003510B8 /* CFTAppDelegate.m in Sources */ = {isa = PBXBuildFile; fileRef = 4313A778182D9396003510B8 /* CFTAppDelegate.m */; };
		4313A782182D9396003510B8 /* XCTest.framework in Frameworks */ = {isa = PBXBuildFile; fileRef = 4313A781182D9396003510B8 /* XCTest.framework */; };
		4313A783182D9396003510B8 /* Foundation.framework in Frameworks */ = {isa = PBXBuildFile; fileRef = 4313A768182D9396003510B8 /* Foundation.framework */; };
		4313A784182D9396003510B8 /* UIKit.framework in Frameworks */ = {isa = PBXBuildFile; fileRef = 4313A76C182D9396003510B8 /* UIKit.framework */; };
		4313A78C182D9396003510B8 /* InfoPlist.strings in Resources */ = {isa = PBXBuildFile; fileRef = 4313A78A182D9396003510B8 /* InfoPlist.strings */; };
		4313A78E182D9396003510B8 /* POSTests.m in Sources */ = {isa = PBXBuildFile; fileRef = 4313A78D182D9396003510B8 /* POSTests.m */; };
		43167362182ED3AD00E41118 /* Images.xcassets in Resources */ = {isa = PBXBuildFile; fileRef = 43167361182ED3AD00E41118 /* Images.xcassets */; };
		43167365182ED51300E41118 /* CFTSignatureViewController.m in Sources */ = {isa = PBXBuildFile; fileRef = 43167364182ED51300E41118 /* CFTSignatureViewController.m */; };
		431ED0F0182EE46200EC22E5 /* UIImage+JTColor.m in Sources */ = {isa = PBXBuildFile; fileRef = 431ED0EF182EE46200EC22E5 /* UIImage+JTColor.m */; };
		434646A018591ADA001F9193 /* ExternalAccessory.framework in Frameworks */ = {isa = PBXBuildFile; fileRef = 4346469F18591ADA001F9193 /* ExternalAccessory.framework */; };
		43B25ACE1831430B0091F350 /* NICSignatureView.m in Sources */ = {isa = PBXBuildFile; fileRef = 43B25ACD1831430B0091F350 /* NICSignatureView.m */; };
		43B25AD0183144CB0091F350 /* GLKit.framework in Frameworks */ = {isa = PBXBuildFile; fileRef = 43B25ACF183144CB0091F350 /* GLKit.framework */; };
		43C60F00182E9FEA0029C34C /* CFTMainViewController.m in Sources */ = {isa = PBXBuildFile; fileRef = 43C60EFF182E9FEA0029C34C /* CFTMainViewController.m */; };
		43C60F02182EA02C0029C34C /* CFTMainView~iphone.xib in Resources */ = {isa = PBXBuildFile; fileRef = 43C60F01182EA02C0029C34C /* CFTMainView~iphone.xib */; };
		43C60F06182EA8880029C34C /* CFTTransaction.m in Sources */ = {isa = PBXBuildFile; fileRef = 43C60F05182EA8880029C34C /* CFTTransaction.m */; };
		D6BAB459182ED0330036F6EC /* CFTConfirmationViewController.m in Sources */ = {isa = PBXBuildFile; fileRef = D6BAB458182ED0330036F6EC /* CFTConfirmationViewController.m */; };
		D6BAB45B182ED0EB0036F6EC /* CFTConfirmationView~iphone.xib in Resources */ = {isa = PBXBuildFile; fileRef = D6BAB45A182ED0EB0036F6EC /* CFTConfirmationView~iphone.xib */; };
		F3ABA05274A64F48A9DEC662 /* libPods.a in Frameworks */ = {isa = PBXBuildFile; fileRef = D9DB6C2F3909498BB29735E0 /* libPods.a */; };
/* End PBXBuildFile section */

/* Begin PBXContainerItemProxy section */
		4313A785182D9396003510B8 /* PBXContainerItemProxy */ = {
			isa = PBXContainerItemProxy;
			containerPortal = 4313A75D182D9396003510B8 /* Project object */;
			proxyType = 1;
			remoteGlobalIDString = 4313A764182D9396003510B8;
			remoteInfo = POS;
		};
/* End PBXContainerItemProxy section */

/* Begin PBXFileReference section */
		36D3C8CB182E92A3004CF456 /* CFTSummaryPaymentViewController.h */ = {isa = PBXFileReference; fileEncoding = 4; lastKnownFileType = sourcecode.c.h; path = CFTSummaryPaymentViewController.h; sourceTree = "<group>"; };
		36D3C8CC182E92A3004CF456 /* CFTSummaryPaymentViewController.m */ = {isa = PBXFileReference; fileEncoding = 4; lastKnownFileType = sourcecode.c.objc; path = CFTSummaryPaymentViewController.m; sourceTree = "<group>"; };
		36D3C8CF182E9330004CF456 /* CFTSummaryPaymentView~iphone.xib */ = {isa = PBXFileReference; fileEncoding = 4; lastKnownFileType = file.xib; path = "CFTSummaryPaymentView~iphone.xib"; sourceTree = "<group>"; };
		36D3C8DC182EB061004CF456 /* AVFoundation.framework */ = {isa = PBXFileReference; lastKnownFileType = wrapper.framework; name = AVFoundation.framework; path = System/Library/Frameworks/AVFoundation.framework; sourceTree = SDKROOT; };
		36D3C8DE182EB06A004CF456 /* AudioToolbox.framework */ = {isa = PBXFileReference; lastKnownFileType = wrapper.framework; name = AudioToolbox.framework; path = System/Library/Frameworks/AudioToolbox.framework; sourceTree = SDKROOT; };
		36D3C8E0182EB073004CF456 /* MediaPlayer.framework */ = {isa = PBXFileReference; lastKnownFileType = wrapper.framework; name = MediaPlayer.framework; path = System/Library/Frameworks/MediaPlayer.framework; sourceTree = SDKROOT; };
		36D3C8E2182EB07D004CF456 /* MessageUI.framework */ = {isa = PBXFileReference; lastKnownFileType = wrapper.framework; name = MessageUI.framework; path = System/Library/Frameworks/MessageUI.framework; sourceTree = SDKROOT; };
		3B552A90EE36412FA61C97B0 /* Pods.xcconfig */ = {isa = PBXFileReference; includeInIndex = 1; lastKnownFileType = text.xcconfig; name = Pods.xcconfig; path = ../Pods/Pods.xcconfig; sourceTree = "<group>"; };
		4313A765182D9396003510B8 /* POS.app */ = {isa = PBXFileReference; explicitFileType = wrapper.application; includeInIndex = 0; path = POS.app; sourceTree = BUILT_PRODUCTS_DIR; };
		4313A768182D9396003510B8 /* Foundation.framework */ = {isa = PBXFileReference; lastKnownFileType = wrapper.framework; name = Foundation.framework; path = System/Library/Frameworks/Foundation.framework; sourceTree = SDKROOT; };
		4313A76A182D9396003510B8 /* CoreGraphics.framework */ = {isa = PBXFileReference; lastKnownFileType = wrapper.framework; name = CoreGraphics.framework; path = System/Library/Frameworks/CoreGraphics.framework; sourceTree = SDKROOT; };
		4313A76C182D9396003510B8 /* UIKit.framework */ = {isa = PBXFileReference; lastKnownFileType = wrapper.framework; name = UIKit.framework; path = System/Library/Frameworks/UIKit.framework; sourceTree = SDKROOT; };
		4313A770182D9396003510B8 /* POS-Info.plist */ = {isa = PBXFileReference; lastKnownFileType = text.plist.xml; path = "POS-Info.plist"; sourceTree = "<group>"; };
		4313A772182D9396003510B8 /* en */ = {isa = PBXFileReference; lastKnownFileType = text.plist.strings; name = en; path = en.lproj/InfoPlist.strings; sourceTree = "<group>"; };
		4313A774182D9396003510B8 /* main.m */ = {isa = PBXFileReference; lastKnownFileType = sourcecode.c.objc; path = main.m; sourceTree = "<group>"; };
		4313A776182D9396003510B8 /* POS-Prefix.pch */ = {isa = PBXFileReference; lastKnownFileType = sourcecode.c.h; path = "POS-Prefix.pch"; sourceTree = "<group>"; };
		4313A777182D9396003510B8 /* CFTAppDelegate.h */ = {isa = PBXFileReference; lastKnownFileType = sourcecode.c.h; path = CFTAppDelegate.h; sourceTree = "<group>"; };
		4313A778182D9396003510B8 /* CFTAppDelegate.m */ = {isa = PBXFileReference; lastKnownFileType = sourcecode.c.objc; path = CFTAppDelegate.m; sourceTree = "<group>"; };
		4313A780182D9396003510B8 /* POSTests.xctest */ = {isa = PBXFileReference; explicitFileType = wrapper.cfbundle; includeInIndex = 0; path = POSTests.xctest; sourceTree = BUILT_PRODUCTS_DIR; };
		4313A781182D9396003510B8 /* XCTest.framework */ = {isa = PBXFileReference; lastKnownFileType = wrapper.framework; name = XCTest.framework; path = Library/Frameworks/XCTest.framework; sourceTree = DEVELOPER_DIR; };
		4313A789182D9396003510B8 /* POSTests-Info.plist */ = {isa = PBXFileReference; lastKnownFileType = text.plist.xml; path = "POSTests-Info.plist"; sourceTree = "<group>"; };
		4313A78B182D9396003510B8 /* en */ = {isa = PBXFileReference; lastKnownFileType = text.plist.strings; name = en; path = en.lproj/InfoPlist.strings; sourceTree = "<group>"; };
		4313A78D182D9396003510B8 /* POSTests.m */ = {isa = PBXFileReference; lastKnownFileType = sourcecode.c.objc; path = POSTests.m; sourceTree = "<group>"; };
		43167361182ED3AD00E41118 /* Images.xcassets */ = {isa = PBXFileReference; lastKnownFileType = folder.assetcatalog; path = Images.xcassets; sourceTree = "<group>"; };
		43167363182ED51300E41118 /* CFTSignatureViewController.h */ = {isa = PBXFileReference; fileEncoding = 4; lastKnownFileType = sourcecode.c.h; path = CFTSignatureViewController.h; sourceTree = "<group>"; };
		43167364182ED51300E41118 /* CFTSignatureViewController.m */ = {isa = PBXFileReference; fileEncoding = 4; lastKnownFileType = sourcecode.c.objc; path = CFTSignatureViewController.m; sourceTree = "<group>"; };
		431ED0EE182EE46200EC22E5 /* UIImage+JTColor.h */ = {isa = PBXFileReference; fileEncoding = 4; lastKnownFileType = sourcecode.c.h; path = "UIImage+JTColor.h"; sourceTree = "<group>"; };
		431ED0EF182EE46200EC22E5 /* UIImage+JTColor.m */ = {isa = PBXFileReference; fileEncoding = 4; lastKnownFileType = sourcecode.c.objc; path = "UIImage+JTColor.m"; sourceTree = "<group>"; };
		4346469F18591ADA001F9193 /* ExternalAccessory.framework */ = {isa = PBXFileReference; lastKnownFileType = wrapper.framework; name = ExternalAccessory.framework; path = System/Library/Frameworks/ExternalAccessory.framework; sourceTree = SDKROOT; };
		43B25ACC1831430B0091F350 /* NICSignatureView.h */ = {isa = PBXFileReference; fileEncoding = 4; lastKnownFileType = sourcecode.c.h; path = NICSignatureView.h; sourceTree = "<group>"; };
		43B25ACD1831430B0091F350 /* NICSignatureView.m */ = {isa = PBXFileReference; fileEncoding = 4; lastKnownFileType = sourcecode.c.objc; path = NICSignatureView.m; sourceTree = "<group>"; };
		43B25ACF183144CB0091F350 /* GLKit.framework */ = {isa = PBXFileReference; lastKnownFileType = wrapper.framework; name = GLKit.framework; path = System/Library/Frameworks/GLKit.framework; sourceTree = SDKROOT; };
		43C60EFE182E9FEA0029C34C /* CFTMainViewController.h */ = {isa = PBXFileReference; fileEncoding = 4; lastKnownFileType = sourcecode.c.h; path = CFTMainViewController.h; sourceTree = "<group>"; };
		43C60EFF182E9FEA0029C34C /* CFTMainViewController.m */ = {isa = PBXFileReference; fileEncoding = 4; lastKnownFileType = sourcecode.c.objc; path = CFTMainViewController.m; sourceTree = "<group>"; };
		43C60F01182EA02C0029C34C /* CFTMainView~iphone.xib */ = {isa = PBXFileReference; fileEncoding = 4; lastKnownFileType = file.xib; path = "CFTMainView~iphone.xib"; sourceTree = "<group>"; };
		43C60F04182EA8880029C34C /* CFTTransaction.h */ = {isa = PBXFileReference; fileEncoding = 4; lastKnownFileType = sourcecode.c.h; path = CFTTransaction.h; sourceTree = "<group>"; };
		43C60F05182EA8880029C34C /* CFTTransaction.m */ = {isa = PBXFileReference; fileEncoding = 4; lastKnownFileType = sourcecode.c.objc; path = CFTTransaction.m; sourceTree = "<group>"; };
		D6BAB457182ED0330036F6EC /* CFTConfirmationViewController.h */ = {isa = PBXFileReference; fileEncoding = 4; lastKnownFileType = sourcecode.c.h; path = CFTConfirmationViewController.h; sourceTree = "<group>"; };
		D6BAB458182ED0330036F6EC /* CFTConfirmationViewController.m */ = {isa = PBXFileReference; fileEncoding = 4; lastKnownFileType = sourcecode.c.objc; path = CFTConfirmationViewController.m; sourceTree = "<group>"; };
		D6BAB45A182ED0EB0036F6EC /* CFTConfirmationView~iphone.xib */ = {isa = PBXFileReference; fileEncoding = 4; lastKnownFileType = file.xib; path = "CFTConfirmationView~iphone.xib"; sourceTree = "<group>"; };
		D9DB6C2F3909498BB29735E0 /* libPods.a */ = {isa = PBXFileReference; explicitFileType = archive.ar; includeInIndex = 0; path = libPods.a; sourceTree = BUILT_PRODUCTS_DIR; };
/* End PBXFileReference section */

/* Begin PBXFrameworksBuildPhase section */
		4313A762182D9396003510B8 /* Frameworks */ = {
			isa = PBXFrameworksBuildPhase;
			buildActionMask = 2147483647;
			files = (
				434646A018591ADA001F9193 /* ExternalAccessory.framework in Frameworks */,
				43B25AD0183144CB0091F350 /* GLKit.framework in Frameworks */,
				36D3C8E3182EB07D004CF456 /* MessageUI.framework in Frameworks */,
				36D3C8E1182EB073004CF456 /* MediaPlayer.framework in Frameworks */,
				36D3C8DF182EB06A004CF456 /* AudioToolbox.framework in Frameworks */,
				36D3C8DD182EB061004CF456 /* AVFoundation.framework in Frameworks */,
				4313A76B182D9396003510B8 /* CoreGraphics.framework in Frameworks */,
				4313A76D182D9396003510B8 /* UIKit.framework in Frameworks */,
				4313A769182D9396003510B8 /* Foundation.framework in Frameworks */,
				F3ABA05274A64F48A9DEC662 /* libPods.a in Frameworks */,
			);
			runOnlyForDeploymentPostprocessing = 0;
		};
		4313A77D182D9396003510B8 /* Frameworks */ = {
			isa = PBXFrameworksBuildPhase;
			buildActionMask = 2147483647;
			files = (
				4313A782182D9396003510B8 /* XCTest.framework in Frameworks */,
				4313A784182D9396003510B8 /* UIKit.framework in Frameworks */,
				4313A783182D9396003510B8 /* Foundation.framework in Frameworks */,
			);
			runOnlyForDeploymentPostprocessing = 0;
		};
/* End PBXFrameworksBuildPhase section */

/* Begin PBXGroup section */
		36D3C8CA182E9224004CF456 /* Controllers */ = {
			isa = PBXGroup;
			children = (
				36D3C8CB182E92A3004CF456 /* CFTSummaryPaymentViewController.h */,
				36D3C8CC182E92A3004CF456 /* CFTSummaryPaymentViewController.m */,
				43C60EFE182E9FEA0029C34C /* CFTMainViewController.h */,
				43C60EFF182E9FEA0029C34C /* CFTMainViewController.m */,
				43167363182ED51300E41118 /* CFTSignatureViewController.h */,
				43167364182ED51300E41118 /* CFTSignatureViewController.m */,
				D6BAB457182ED0330036F6EC /* CFTConfirmationViewController.h */,
				D6BAB458182ED0330036F6EC /* CFTConfirmationViewController.m */,
			);
			path = Controllers;
			sourceTree = "<group>";
		};
		36D3C8CE182E92C8004CF456 /* Views */ = {
			isa = PBXGroup;
			children = (
				36D3C8CF182E9330004CF456 /* CFTSummaryPaymentView~iphone.xib */,
				43C60F01182EA02C0029C34C /* CFTMainView~iphone.xib */,
				D6BAB45A182ED0EB0036F6EC /* CFTConfirmationView~iphone.xib */,
			);
			path = Views;
			sourceTree = "<group>";
		};
		4313A75C182D9396003510B8 = {
			isa = PBXGroup;
			children = (
				4313A76E182D9396003510B8 /* POS */,
				4313A787182D9396003510B8 /* POSTests */,
				4313A767182D9396003510B8 /* Frameworks */,
				4313A766182D9396003510B8 /* Products */,
				3B552A90EE36412FA61C97B0 /* Pods.xcconfig */,
			);
			sourceTree = "<group>";
		};
		4313A766182D9396003510B8 /* Products */ = {
			isa = PBXGroup;
			children = (
				4313A765182D9396003510B8 /* POS.app */,
				4313A780182D9396003510B8 /* POSTests.xctest */,
			);
			name = Products;
			sourceTree = "<group>";
		};
		4313A767182D9396003510B8 /* Frameworks */ = {
			isa = PBXGroup;
			children = (
				4346469F18591ADA001F9193 /* ExternalAccessory.framework */,
				43B25ACF183144CB0091F350 /* GLKit.framework */,
				36D3C8E2182EB07D004CF456 /* MessageUI.framework */,
				36D3C8E0182EB073004CF456 /* MediaPlayer.framework */,
				36D3C8DE182EB06A004CF456 /* AudioToolbox.framework */,
				36D3C8DC182EB061004CF456 /* AVFoundation.framework */,
				4313A768182D9396003510B8 /* Foundation.framework */,
				4313A76A182D9396003510B8 /* CoreGraphics.framework */,
				4313A76C182D9396003510B8 /* UIKit.framework */,
				4313A781182D9396003510B8 /* XCTest.framework */,
				D9DB6C2F3909498BB29735E0 /* libPods.a */,
			);
			name = Frameworks;
			sourceTree = "<group>";
		};
		4313A76E182D9396003510B8 /* POS */ = {
			isa = PBXGroup;
			children = (
				43B25ACC1831430B0091F350 /* NICSignatureView.h */,
				43B25ACD1831430B0091F350 /* NICSignatureView.m */,
				431ED0EE182EE46200EC22E5 /* UIImage+JTColor.h */,
				431ED0EF182EE46200EC22E5 /* UIImage+JTColor.m */,
				43C60F03182EA80A0029C34C /* Models */,
				36D3C8CE182E92C8004CF456 /* Views */,
				36D3C8CA182E9224004CF456 /* Controllers */,
				4313A777182D9396003510B8 /* CFTAppDelegate.h */,
				4313A778182D9396003510B8 /* CFTAppDelegate.m */,
				43167361182ED3AD00E41118 /* Images.xcassets */,
				4313A76F182D9396003510B8 /* Supporting Files */,
			);
			path = POS;
			sourceTree = "<group>";
		};
		4313A76F182D9396003510B8 /* Supporting Files */ = {
			isa = PBXGroup;
			children = (
				4313A770182D9396003510B8 /* POS-Info.plist */,
				4313A771182D9396003510B8 /* InfoPlist.strings */,
				4313A774182D9396003510B8 /* main.m */,
				4313A776182D9396003510B8 /* POS-Prefix.pch */,
			);
			name = "Supporting Files";
			sourceTree = "<group>";
		};
		4313A787182D9396003510B8 /* POSTests */ = {
			isa = PBXGroup;
			children = (
				4313A78D182D9396003510B8 /* POSTests.m */,
				4313A788182D9396003510B8 /* Supporting Files */,
			);
			path = POSTests;
			sourceTree = "<group>";
		};
		4313A788182D9396003510B8 /* Supporting Files */ = {
			isa = PBXGroup;
			children = (
				4313A789182D9396003510B8 /* POSTests-Info.plist */,
				4313A78A182D9396003510B8 /* InfoPlist.strings */,
			);
			name = "Supporting Files";
			sourceTree = "<group>";
		};
		43C60F03182EA80A0029C34C /* Models */ = {
			isa = PBXGroup;
			children = (
				43C60F04182EA8880029C34C /* CFTTransaction.h */,
				43C60F05182EA8880029C34C /* CFTTransaction.m */,
			);
			path = Models;
			sourceTree = "<group>";
		};
/* End PBXGroup section */

/* Begin PBXNativeTarget section */
		4313A764182D9396003510B8 /* POS */ = {
			isa = PBXNativeTarget;
			buildConfigurationList = 4313A791182D9396003510B8 /* Build configuration list for PBXNativeTarget "POS" */;
			buildPhases = (
				D00C0B85E4EA4B17B7AC35EC /* Check Pods Manifest.lock */,
				4313A761182D9396003510B8 /* Sources */,
				4313A762182D9396003510B8 /* Frameworks */,
				4313A763182D9396003510B8 /* Resources */,
				8B9FA1A698074FEBB7457D22 /* Copy Pods Resources */,
			);
			buildRules = (
			);
			dependencies = (
			);
			name = POS;
			productName = POS;
			productReference = 4313A765182D9396003510B8 /* POS.app */;
			productType = "com.apple.product-type.application";
		};
		4313A77F182D9396003510B8 /* POSTests */ = {
			isa = PBXNativeTarget;
			buildConfigurationList = 4313A794182D9396003510B8 /* Build configuration list for PBXNativeTarget "POSTests" */;
			buildPhases = (
				4313A77C182D9396003510B8 /* Sources */,
				4313A77D182D9396003510B8 /* Frameworks */,
				4313A77E182D9396003510B8 /* Resources */,
			);
			buildRules = (
			);
			dependencies = (
				4313A786182D9396003510B8 /* PBXTargetDependency */,
			);
			name = POSTests;
			productName = POSTests;
			productReference = 4313A780182D9396003510B8 /* POSTests.xctest */;
			productType = "com.apple.product-type.bundle.unit-test";
		};
/* End PBXNativeTarget section */

/* Begin PBXProject section */
		4313A75D182D9396003510B8 /* Project object */ = {
			isa = PBXProject;
			attributes = {
				CLASSPREFIX = CFT;
				LastUpgradeCheck = 0510;
				ORGANIZATIONNAME = CardFlight;
				TargetAttributes = {
					4313A764182D9396003510B8 = {
						DevelopmentTeam = 6GCU4S94SA;
					};
					4313A77F182D9396003510B8 = {
						TestTargetID = 4313A764182D9396003510B8;
					};
				};
			};
			buildConfigurationList = 4313A760182D9396003510B8 /* Build configuration list for PBXProject "POS" */;
			compatibilityVersion = "Xcode 3.2";
			developmentRegion = English;
			hasScannedForEncodings = 0;
			knownRegions = (
				en,
			);
			mainGroup = 4313A75C182D9396003510B8;
			productRefGroup = 4313A766182D9396003510B8 /* Products */;
			projectDirPath = "";
			projectRoot = "";
			targets = (
				4313A764182D9396003510B8 /* POS */,
				4313A77F182D9396003510B8 /* POSTests */,
			);
		};
/* End PBXProject section */

/* Begin PBXResourcesBuildPhase section */
		4313A763182D9396003510B8 /* Resources */ = {
			isa = PBXResourcesBuildPhase;
			buildActionMask = 2147483647;
			files = (
				4313A773182D9396003510B8 /* InfoPlist.strings in Resources */,
				43167362182ED3AD00E41118 /* Images.xcassets in Resources */,
				43C60F02182EA02C0029C34C /* CFTMainView~iphone.xib in Resources */,
				36D3C8D0182E9330004CF456 /* CFTSummaryPaymentView~iphone.xib in Resources */,
				D6BAB45B182ED0EB0036F6EC /* CFTConfirmationView~iphone.xib in Resources */,
			);
			runOnlyForDeploymentPostprocessing = 0;
		};
		4313A77E182D9396003510B8 /* Resources */ = {
			isa = PBXResourcesBuildPhase;
			buildActionMask = 2147483647;
			files = (
				4313A78C182D9396003510B8 /* InfoPlist.strings in Resources */,
			);
			runOnlyForDeploymentPostprocessing = 0;
		};
/* End PBXResourcesBuildPhase section */

/* Begin PBXShellScriptBuildPhase section */
		8B9FA1A698074FEBB7457D22 /* Copy Pods Resources */ = {
			isa = PBXShellScriptBuildPhase;
			buildActionMask = 2147483647;
			files = (
			);
			inputPaths = (
			);
			name = "Copy Pods Resources";
			outputPaths = (
			);
			runOnlyForDeploymentPostprocessing = 0;
			shellPath = /bin/sh;
			shellScript = "\"${SRCROOT}/../Pods/Pods-resources.sh\"\n";
			showEnvVarsInLog = 0;
		};
		D00C0B85E4EA4B17B7AC35EC /* Check Pods Manifest.lock */ = {
			isa = PBXShellScriptBuildPhase;
			buildActionMask = 2147483647;
			files = (
			);
			inputPaths = (
			);
			name = "Check Pods Manifest.lock";
			outputPaths = (
			);
			runOnlyForDeploymentPostprocessing = 0;
			shellPath = /bin/sh;
			shellScript = "diff \"${PODS_ROOT}/../Podfile.lock\" \"${PODS_ROOT}/Manifest.lock\" > /dev/null\nif [[ $? != 0 ]] ; then\n    cat << EOM\nerror: The sandbox is not in sync with the Podfile.lock. Run 'pod install' or update your CocoaPods installation.\nEOM\n    exit 1\nfi\n";
			showEnvVarsInLog = 0;
		};
/* End PBXShellScriptBuildPhase section */

/* Begin PBXSourcesBuildPhase section */
		4313A761182D9396003510B8 /* Sources */ = {
			isa = PBXSourcesBuildPhase;
			buildActionMask = 2147483647;
			files = (
				4313A779182D9396003510B8 /* CFTAppDelegate.m in Sources */,
				4313A775182D9396003510B8 /* main.m in Sources */,
				43B25ACE1831430B0091F350 /* NICSignatureView.m in Sources */,
				36D3C8CD182E92A3004CF456 /* CFTSummaryPaymentViewController.m in Sources */,
				43C60F00182E9FEA0029C34C /* CFTMainViewController.m in Sources */,
				431ED0F0182EE46200EC22E5 /* UIImage+JTColor.m in Sources */,
				43C60F06182EA8880029C34C /* CFTTransaction.m in Sources */,
				43167365182ED51300E41118 /* CFTSignatureViewController.m in Sources */,
				D6BAB459182ED0330036F6EC /* CFTConfirmationViewController.m in Sources */,
			);
			runOnlyForDeploymentPostprocessing = 0;
		};
		4313A77C182D9396003510B8 /* Sources */ = {
			isa = PBXSourcesBuildPhase;
			buildActionMask = 2147483647;
			files = (
				4313A78E182D9396003510B8 /* POSTests.m in Sources */,
			);
			runOnlyForDeploymentPostprocessing = 0;
		};
/* End PBXSourcesBuildPhase section */

/* Begin PBXTargetDependency section */
		4313A786182D9396003510B8 /* PBXTargetDependency */ = {
			isa = PBXTargetDependency;
			target = 4313A764182D9396003510B8 /* POS */;
			targetProxy = 4313A785182D9396003510B8 /* PBXContainerItemProxy */;
		};
/* End PBXTargetDependency section */

/* Begin PBXVariantGroup section */
		4313A771182D9396003510B8 /* InfoPlist.strings */ = {
			isa = PBXVariantGroup;
			children = (
				4313A772182D9396003510B8 /* en */,
			);
			name = InfoPlist.strings;
			sourceTree = "<group>";
		};
		4313A78A182D9396003510B8 /* InfoPlist.strings */ = {
			isa = PBXVariantGroup;
			children = (
				4313A78B182D9396003510B8 /* en */,
			);
			name = InfoPlist.strings;
			sourceTree = "<group>";
		};
/* End PBXVariantGroup section */

/* Begin XCBuildConfiguration section */
		4313A78F182D9396003510B8 /* Debug */ = {
			isa = XCBuildConfiguration;
			buildSettings = {
				ALWAYS_SEARCH_USER_PATHS = NO;
				CLANG_CXX_LANGUAGE_STANDARD = "gnu++0x";
				CLANG_CXX_LIBRARY = "libc++";
				CLANG_ENABLE_MODULES = YES;
				CLANG_ENABLE_OBJC_ARC = YES;
				CLANG_WARN_BOOL_CONVERSION = YES;
				CLANG_WARN_CONSTANT_CONVERSION = YES;
				CLANG_WARN_DIRECT_OBJC_ISA_USAGE = YES_ERROR;
				CLANG_WARN_EMPTY_BODY = YES;
				CLANG_WARN_ENUM_CONVERSION = YES;
				CLANG_WARN_INT_CONVERSION = YES;
				CLANG_WARN_OBJC_ROOT_CLASS = YES_ERROR;
				CLANG_WARN__DUPLICATE_METHOD_MATCH = YES;
				"CODE_SIGN_IDENTITY[sdk=iphoneos*]" = "iPhone Developer";
				COPY_PHASE_STRIP = NO;
				GCC_C_LANGUAGE_STANDARD = gnu99;
				GCC_DYNAMIC_NO_PIC = NO;
				GCC_OPTIMIZATION_LEVEL = 0;
				GCC_PREPROCESSOR_DEFINITIONS = (
					"DEBUG=1",
					"$(inherited)",
				);
				GCC_SYMBOLS_PRIVATE_EXTERN = NO;
				GCC_WARN_64_TO_32_BIT_CONVERSION = YES;
				GCC_WARN_ABOUT_RETURN_TYPE = YES_ERROR;
				GCC_WARN_UNDECLARED_SELECTOR = YES;
				GCC_WARN_UNINITIALIZED_AUTOS = YES;
				GCC_WARN_UNUSED_FUNCTION = YES;
				GCC_WARN_UNUSED_VARIABLE = YES;
				IPHONEOS_DEPLOYMENT_TARGET = 7.0;
				ONLY_ACTIVE_ARCH = YES;
				SDKROOT = iphoneos;
				VALID_ARCHS = "armv7 armv7s";
			};
			name = Debug;
		};
		4313A790182D9396003510B8 /* Release */ = {
			isa = XCBuildConfiguration;
			buildSettings = {
				ALWAYS_SEARCH_USER_PATHS = NO;
				CLANG_CXX_LANGUAGE_STANDARD = "gnu++0x";
				CLANG_CXX_LIBRARY = "libc++";
				CLANG_ENABLE_MODULES = YES;
				CLANG_ENABLE_OBJC_ARC = YES;
				CLANG_WARN_BOOL_CONVERSION = YES;
				CLANG_WARN_CONSTANT_CONVERSION = YES;
				CLANG_WARN_DIRECT_OBJC_ISA_USAGE = YES_ERROR;
				CLANG_WARN_EMPTY_BODY = YES;
				CLANG_WARN_ENUM_CONVERSION = YES;
				CLANG_WARN_INT_CONVERSION = YES;
				CLANG_WARN_OBJC_ROOT_CLASS = YES_ERROR;
				CLANG_WARN__DUPLICATE_METHOD_MATCH = YES;
				"CODE_SIGN_IDENTITY[sdk=iphoneos*]" = "iPhone Developer";
				COPY_PHASE_STRIP = YES;
				ENABLE_NS_ASSERTIONS = NO;
				GCC_C_LANGUAGE_STANDARD = gnu99;
				GCC_WARN_64_TO_32_BIT_CONVERSION = YES;
				GCC_WARN_ABOUT_RETURN_TYPE = YES_ERROR;
				GCC_WARN_UNDECLARED_SELECTOR = YES;
				GCC_WARN_UNINITIALIZED_AUTOS = YES;
				GCC_WARN_UNUSED_FUNCTION = YES;
				GCC_WARN_UNUSED_VARIABLE = YES;
				IPHONEOS_DEPLOYMENT_TARGET = 7.0;
				SDKROOT = iphoneos;
				VALIDATE_PRODUCT = YES;
				VALID_ARCHS = "armv7 armv7s";
			};
			name = Release;
		};
		4313A792182D9396003510B8 /* Debug */ = {
			isa = XCBuildConfiguration;
			baseConfigurationReference = 3B552A90EE36412FA61C97B0 /* Pods.xcconfig */;
			buildSettings = {
				ASSETCATALOG_COMPILER_APPICON_NAME = AppIcon;
				ASSETCATALOG_COMPILER_LAUNCHIMAGE_NAME = LaunchImage;
				CODE_SIGN_IDENTITY = "iPhone Developer";
				"CODE_SIGN_IDENTITY[sdk=iphoneos*]" = "iPhone Developer";
				GCC_PRECOMPILE_PREFIX_HEADER = YES;
				GCC_PREFIX_HEADER = "POS/POS-Prefix.pch";
				INFOPLIST_FILE = "POS/POS-Info.plist";
				LIBRARY_SEARCH_PATHS = (
					"$(inherited)",
					"$(SRCROOT)/Lib/CardFlight",
					"/Users/paultower/CardFlight/cardflight-ios-pos/POS/Lib/CardFlight",
					"/Users/paultower/CardFlight/cardflight-ios-pos/POS/POS/Lib/CardFlight",
				);
				PRODUCT_NAME = "$(TARGET_NAME)";
				PROVISIONING_PROFILE = "";
				WRAPPER_EXTENSION = app;
			};
			name = Debug;
		};
		4313A793182D9396003510B8 /* Release */ = {
			isa = XCBuildConfiguration;
			baseConfigurationReference = 3B552A90EE36412FA61C97B0 /* Pods.xcconfig */;
			buildSettings = {
				ASSETCATALOG_COMPILER_APPICON_NAME = AppIcon;
				ASSETCATALOG_COMPILER_LAUNCHIMAGE_NAME = LaunchImage;
				CODE_SIGN_IDENTITY = "iPhone Developer";
				"CODE_SIGN_IDENTITY[sdk=iphoneos*]" = "iPhone Developer";
				GCC_PRECOMPILE_PREFIX_HEADER = YES;
				GCC_PREFIX_HEADER = "POS/POS-Prefix.pch";
				INFOPLIST_FILE = "POS/POS-Info.plist";
				LIBRARY_SEARCH_PATHS = (
					"$(inherited)",
					"$(SRCROOT)/Lib/CardFlight",
					"/Users/paultower/CardFlight/cardflight-ios-pos/POS/Lib/CardFlight",
					"/Users/paultower/CardFlight/cardflight-ios-pos/POS/POS/Lib/CardFlight",
				);
				PRODUCT_NAME = "$(TARGET_NAME)";
				PROVISIONING_PROFILE = "";
				WRAPPER_EXTENSION = app;
			};
			name = Release;
		};
		4313A795182D9396003510B8 /* Debug */ = {
			isa = XCBuildConfiguration;
			buildSettings = {
				BUNDLE_LOADER = "$(BUILT_PRODUCTS_DIR)/POS.app/POS";
				FRAMEWORK_SEARCH_PATHS = (
					"$(SDKROOT)/Developer/Library/Frameworks",
					"$(inherited)",
					"$(DEVELOPER_FRAMEWORKS_DIR)",
				);
				GCC_PRECOMPILE_PREFIX_HEADER = YES;
				GCC_PREFIX_HEADER = "POS/POS-Prefix.pch";
				GCC_PREPROCESSOR_DEFINITIONS = (
					"DEBUG=1",
					"$(inherited)",
				);
				INFOPLIST_FILE = "POSTests/POSTests-Info.plist";
				LIBRARY_SEARCH_PATHS = (
					"$(inherited)",
					"/Users/paultower/CardFlight/cardflight-ios-pos/POS/Lib/CardFlight",
				);
				PRODUCT_NAME = "$(TARGET_NAME)";
				TEST_HOST = "$(BUNDLE_LOADER)";
				WRAPPER_EXTENSION = xctest;
			};
			name = Debug;
		};
		4313A796182D9396003510B8 /* Release */ = {
			isa = XCBuildConfiguration;
			buildSettings = {
				BUNDLE_LOADER = "$(BUILT_PRODUCTS_DIR)/POS.app/POS";
				FRAMEWORK_SEARCH_PATHS = (
					"$(SDKROOT)/Developer/Library/Frameworks",
					"$(inherited)",
					"$(DEVELOPER_FRAMEWORKS_DIR)",
				);
				GCC_PRECOMPILE_PREFIX_HEADER = YES;
				GCC_PREFIX_HEADER = "POS/POS-Prefix.pch";
				INFOPLIST_FILE = "POSTests/POSTests-Info.plist";
				LIBRARY_SEARCH_PATHS = (
					"$(inherited)",
					"/Users/paultower/CardFlight/cardflight-ios-pos/POS/Lib/CardFlight",
				);
				PRODUCT_NAME = "$(TARGET_NAME)";
				TEST_HOST = "$(BUNDLE_LOADER)";
				WRAPPER_EXTENSION = xctest;
			};
			name = Release;
		};
/* End XCBuildConfiguration section */

/* Begin XCConfigurationList section */
		4313A760182D9396003510B8 /* Build configuration list for PBXProject "POS" */ = {
			isa = XCConfigurationList;
			buildConfigurations = (
				4313A78F182D9396003510B8 /* Debug */,
				4313A790182D9396003510B8 /* Release */,
			);
			defaultConfigurationIsVisible = 0;
			defaultConfigurationName = Release;
		};
		4313A791182D9396003510B8 /* Build configuration list for PBXNativeTarget "POS" */ = {
			isa = XCConfigurationList;
			buildConfigurations = (
				4313A792182D9396003510B8 /* Debug */,
				4313A793182D9396003510B8 /* Release */,
			);
			defaultConfigurationIsVisible = 0;
			defaultConfigurationName = Release;
		};
		4313A794182D9396003510B8 /* Build configuration list for PBXNativeTarget "POSTests" */ = {
			isa = XCConfigurationList;
			buildConfigurations = (
				4313A795182D9396003510B8 /* Debug */,
				4313A796182D9396003510B8 /* Release */,
			);
			defaultConfigurationIsVisible = 0;
			defaultConfigurationName = Release;
		};
/* End XCConfigurationList section */
	};
	rootObject = 4313A75D182D9396003510B8 /* Project object */;
}
